
Microsoft Visual Studio Solution File, Format Version 12.00
# Visual Studio Version 17
VisualStudioVersion = 17.7.34031.279
MinimumVisualStudioVersion = 10.0.40219.1
Project("{9A19103F-16F7-4668-BE54-9A1E7A4F7556}") = "CrcHack", "CrcHack\CrcHack.csproj", "{7AB3BADA-8DBB-4079-BBDB-101C860C28DC}"
EndProject
Project("{9A19103F-16F7-4668-BE54-9A1E7A4F7556}") = "CrcHack.Test", "CrcHack.Test\CrcHack.Test.csproj", "{C562DA7E-B246-4360-9380-3DA3C755A41B}"
EndProject
Project("{FAE04EC0-301F-11D3-BF4B-00C04F79EFBC}") = "CrcHack.Example", "CrcHack.Example\CrcHack.Example.csproj", "{59E92B9C-CCBA-4D07-926E-2EAED1B3CD65}"
EndProject
Project("{FAE04EC0-301F-11D3-BF4B-00C04F79EFBC}") = "CrcHack.Example2", "CrcHack.Example2\CrcHack.Example2.csproj", "{90872BD6-BD40-490C-A134-699E7D317BFC}"
EndProject
Global
	GlobalSection(SolutionConfigurationPlatforms) = preSolution
		Debug|Any CPU = Debug|Any CPU
		Release|Any CPU = Release|Any CPU
	EndGlobalSection
	GlobalSection(ProjectConfigurationPlatforms) = postSolution
		{7AB3BADA-8DBB-4079-BBDB-101C860C28DC}.Debug|Any CPU.ActiveCfg = Debug|Any CPU
		{7AB3BADA-8DBB-4079-BBDB-101C860C28DC}.Debug|Any CPU.Build.0 = Debug|Any CPU
		{7AB3BADA-8DBB-4079-BBDB-101C860C28DC}.Release|Any CPU.ActiveCfg = Release|Any CPU
		{7AB3BADA-8DBB-4079-BBDB-101C860C28DC}.Release|Any CPU.Build.0 = Release|Any CPU
		{C562DA7E-B246-4360-9380-3DA3C755A41B}.Debug|Any CPU.ActiveCfg = Debug|Any CPU
		{C562DA7E-B246-4360-9380-3DA3C755A41B}.Debug|Any CPU.Build.0 = Debug|Any CPU
		{C562DA7E-B246-4360-9380-3DA3C755A41B}.Release|Any CPU.ActiveCfg = Release|Any CPU
		{C562DA7E-B246-4360-9380-3DA3C755A41B}.Release|Any CPU.Build.0 = Release|Any CPU
		{59E92B9C-CCBA-4D07-926E-2EAED1B3CD65}.Debug|Any CPU.ActiveCfg = Debug|Any CPU
		{59E92B9C-CCBA-4D07-926E-2EAED1B3CD65}.Debug|Any CPU.Build.0 = Debug|Any CPU
		{59E92B9C-CCBA-4D07-926E-2EAED1B3CD65}.Release|Any CPU.ActiveCfg = Release|Any CPU
		{59E92B9C-CCBA-4D07-926E-2EAED1B3CD65}.Release|Any CPU.Build.0 = Release|Any CPU
		{90872BD6-BD40-490C-A134-699E7D317BFC}.Debug|Any CPU.ActiveCfg = Debug|Any CPU
		{90872BD6-BD40-490C-A134-699E7D317BFC}.Debug|Any CPU.Build.0 = Debug|Any CPU
		{90872BD6-BD40-490C-A134-699E7D317BFC}.Release|Any CPU.ActiveCfg = Release|Any CPU
		{90872BD6-BD40-490C-A134-699E7D317BFC}.Release|Any CPU.Build.0 = Release|Any CPU
	EndGlobalSection
	GlobalSection(SolutionProperties) = preSolution
		HideSolutionNode = FALSE
	EndGlobalSection
	GlobalSection(ExtensibilityGlobals) = postSolution
		SolutionGuid = {FE83FB9E-3C2A-4FB5-A6F1-07F47892F7BD}
	EndGlobalSection
EndGlobal
